{
    "_meta": {
        "hash": {
            "sha256": "6ff093bb938bfda07c3446c8967a126806b791cf5a946c3de0779d87b0cfcbe3"
        },
        "pipfile-spec": 6,
        "requires": {
            "python_version": "3.10"
        },
        "sources": [
            {
                "name": "pypi",
                "url": "https://pypi.org/simple",
                "verify_ssl": true
            }
        ]
    },
    "default": {
        "ordered-set": {
            "hashes": [
                "sha256:046e1132c71fcf3330438a539928932caf51ddbc582496833e23de611de14562",
                "sha256:694a8e44c87657c59292ede72891eb91d34131f6531463aab3009191c77364a8"
            ],
            "index": "pypi",
            "version": "==4.1.0"
        },
        "pyqt6": {
            "hashes": [
                "sha256:11c039b07962b29246de2da0912f4f663786185fd74d48daac7a270a43c8d92a",
                "sha256:577334c9d4518022a4cb6f9799dfbd1b996167eb31404b5a63d6c43d603e6418",
                "sha256:8a2f357b86fec8598f52f16d5f93416931017ca1986d5f68679c9565bfc21fff",
                "sha256:a9bfcac198fe4b703706f809bb686c7cef5f60a7c802fc145c6b57929c7a6a34"
            ],
            "index": "pypi",
            "version": "==6.2.3"
        },
        "pyqt6-qt6": {
            "hashes": [
                "sha256:02c1f02c04cfac8affb66fc56cbf1d033fb36efee98dd40ba59e60c816018302",
                "sha256:6c7fa27a71eb0da81f39ec7a8e2c298d5e2dfecbc923875dcc932478b3c50ef3",
                "sha256:7d6f37204714bf3a6686f4d32bddd8b13d7e1adec3039cd2d27901bb827d7610",
                "sha256:bdf799911f004f904b00b9424e590cdb9138e7fc687d036c73c458e4c6c2efbd"
            ],
            "version": "==6.2.3"
        },
        "pyqt6-sip": {
            "hashes": [
                "sha256:0314d011633bc697e99f3f9897b484720e81a5f4ba0eaa5f05c5811e2e74ea53",
                "sha256:082a80264699d4e2e919a7de8b6662886a353863d2b30a0047fe73d42e65c98e",
                "sha256:0a49f2d0bb49bc9d72665d62fb5ab6549c72dcf49e1e52dc2046edb8832a17a3",
                "sha256:0ede42e84a79871022e1a8e4d5c05f70821b2795910c4cd103e863ce62bc8d68",
                "sha256:226e9e349aa16dc1132f106ca01fa99cf7cb8e59daee29304c2fea5fa33212ec",
                "sha256:43afd9c9fdbc5f6ed2e22cae0752a8b8d9545c6d85f314bd27b861e21d4a97fe",
                "sha256:4b119a8fd880ece15a5bdff583edccd89dbc79d49de2e11cbbd6bba72713d1f3",
                "sha256:616b6bad827e9c6e7ce5179883ca0f44110a42dcb045344aa28a495c05e19795",
                "sha256:65f5aee6195bd0e785bd74f75ee080a5d5fb840c03210956e4ccbdde481b487c",
                "sha256:8b52d42e42e6e9f934ac7528cd154ac0210a532bb33fa1edfb4a8bbfb73ff88b",
                "sha256:a3d53fab72f959b45aeb954124255b585ff8d497a514a2582e0afd808fc2f3da",
                "sha256:b0d92f4a21706b18ab80c088cded94cd64d32a0c48e1729a4cc53fe5ab93cc1a",
                "sha256:b7bce59900b2e0a04f70246de2ccf79ee7933036b6b9183cf039b62eeae2b858",
                "sha256:c456d5ccc4478254052082e298db01bb9d0495471c1659046697bb5dc9d2506c",
                "sha256:e2e6a3972169891dbc33d806f50ebf17eaa47a487ff6e4910fe2485c47cb6c2b",
                "sha256:f4226d4ab239d8655f94c42b397f23e6e85b246f614ff81162ef9321e47f7619"
            ],
            "markers": "python_version >= '3.6'",
            "version": "==13.2.1"
        },
        "pyside6": {
            "hashes": [
                "sha256:505a3dcd1894ed4acff9ae600faff1d88873550c0cb66029ff4f59edbd4ecc1b",
                "sha256:825fe460d4f9775b729792bbc826f6b41cc10641d4809875077cc54d63a982ba",
                "sha256:911423ff07f5d04c569a2aececc6960c63f341147405591cd6328769022b8e2b"
            ],
            "index": "pypi",
            "version": "==6.2.3"
        },
        "shiboken6": {
            "hashes": [
                "sha256:857b0cdd09a43df48502b177b788d2e5f92e40b3e6e90f13d5cef24bbdde0f16",
                "sha256:daf0dbe18a6272d9fa38e1143a98d6828e4c7428a423afacba0779476a3ed027",
                "sha256:fbdb17c4708566511dbad351090255756b84f87e0d971cc9a5241c48de6e8b4d"
            ],
            "markers": "python_version < '3.11' and python_version >= '3.6'",
            "version": "==6.2.3"
        }
    },
    "develop": {}
}
